
Microsoft Visual Studio Solution File, Format Version 12.00
Project("{FAE04EC0-301F-11D3-BF4B-00C04F79EFBC}") = "WebApp", "WebApp\WebApp.csproj", "{AEF3B5A7-70E0-437B-80CB-07645B07DE74}"
EndProject
Project("{2150E333-8FDC-42A3-9474-1A3956D46DE8}") = "SolutionItems", "SolutionItems", "{25F5E527-AC5C-479C-9919-10D69242E2FE}"
	ProjectSection(SolutionItems) = preProject
		.gitignore = .gitignore
		Directory.Build.props = Directory.Build.props
		docker-compose.yml = docker-compose.yml
		.dockerignore = .dockerignore
		README.md = README.md
	EndProjectSection
EndProject
Project("{2150E333-8FDC-42A3-9474-1A3956D46DE8}") = "Base", "Base", "{5F55FBB2-B7AF-4148-83C8-20FDAAE4991A}"
EndProject
Project("{2150E333-8FDC-42A3-9474-1A3956D46DE8}") = "Base.Contracts", "Base.Contracts", "{3E5E5FE8-A71E-48E0-9371-AE98A0492232}"
EndProject
Project("{FAE04EC0-301F-11D3-BF4B-00C04F79EFBC}") = "Base.Contracts.Domain", "Base.Contracts.Domain\Base.Contracts.Domain.csproj", "{8677C96A-CBB6-4AA0-9389-F82A2EA230FC}"
EndProject
Project("{FAE04EC0-301F-11D3-BF4B-00C04F79EFBC}") = "Base.Domain", "Base.Domain\Base.Domain.csproj", "{8A3AC482-E92B-4FD6-A74B-50A53283BC7B}"
EndProject
Project("{2150E333-8FDC-42A3-9474-1A3956D46DE8}") = "App", "App", "{1184A0AF-95D9-41C7-864E-01489B18E7C6}"
EndProject
Project("{FAE04EC0-301F-11D3-BF4B-00C04F79EFBC}") = "App.Domain", "App.Domain\App.Domain.csproj", "{0E71948F-7848-48D5-8837-E42615A4CA99}"
EndProject
Project("{FAE04EC0-301F-11D3-BF4B-00C04F79EFBC}") = "App.DAL.EF", "App.DAL.EF\App.DAL.EF.csproj", "{5C723D5F-DB5C-409F-A1E1-3597F3604240}"
EndProject
Project("{FAE04EC0-301F-11D3-BF4B-00C04F79EFBC}") = "Base.Resources", "Base.Resources\Base.Resources.csproj", "{132DD542-405D-49A3-A1D9-4BBFEA17479A}"
EndProject
Project("{FAE04EC0-301F-11D3-BF4B-00C04F79EFBC}") = "App.Resources", "App.Resources\App.Resources.csproj", "{41AA3E6E-4975-427E-BD66-002D89432958}"
EndProject
Global
	GlobalSection(SolutionConfigurationPlatforms) = preSolution
		Debug|Any CPU = Debug|Any CPU
		Release|Any CPU = Release|Any CPU
	EndGlobalSection
	GlobalSection(ProjectConfigurationPlatforms) = postSolution
		{AEF3B5A7-70E0-437B-80CB-07645B07DE74}.Debug|Any CPU.ActiveCfg = Debug|Any CPU
		{AEF3B5A7-70E0-437B-80CB-07645B07DE74}.Debug|Any CPU.Build.0 = Debug|Any CPU
		{AEF3B5A7-70E0-437B-80CB-07645B07DE74}.Release|Any CPU.ActiveCfg = Release|Any CPU
		{AEF3B5A7-70E0-437B-80CB-07645B07DE74}.Release|Any CPU.Build.0 = Release|Any CPU
		{8677C96A-CBB6-4AA0-9389-F82A2EA230FC}.Debug|Any CPU.ActiveCfg = Debug|Any CPU
		{8677C96A-CBB6-4AA0-9389-F82A2EA230FC}.Debug|Any CPU.Build.0 = Debug|Any CPU
		{8677C96A-CBB6-4AA0-9389-F82A2EA230FC}.Release|Any CPU.ActiveCfg = Release|Any CPU
		{8677C96A-CBB6-4AA0-9389-F82A2EA230FC}.Release|Any CPU.Build.0 = Release|Any CPU
		{8A3AC482-E92B-4FD6-A74B-50A53283BC7B}.Debug|Any CPU.ActiveCfg = Debug|Any CPU
		{8A3AC482-E92B-4FD6-A74B-50A53283BC7B}.Debug|Any CPU.Build.0 = Debug|Any CPU
		{8A3AC482-E92B-4FD6-A74B-50A53283BC7B}.Release|Any CPU.ActiveCfg = Release|Any CPU
		{8A3AC482-E92B-4FD6-A74B-50A53283BC7B}.Release|Any CPU.Build.0 = Release|Any CPU
		{0E71948F-7848-48D5-8837-E42615A4CA99}.Debug|Any CPU.ActiveCfg = Debug|Any CPU
		{0E71948F-7848-48D5-8837-E42615A4CA99}.Debug|Any CPU.Build.0 = Debug|Any CPU
		{0E71948F-7848-48D5-8837-E42615A4CA99}.Release|Any CPU.ActiveCfg = Release|Any CPU
		{0E71948F-7848-48D5-8837-E42615A4CA99}.Release|Any CPU.Build.0 = Release|Any CPU
		{5C723D5F-DB5C-409F-A1E1-3597F3604240}.Debug|Any CPU.ActiveCfg = Debug|Any CPU
		{5C723D5F-DB5C-409F-A1E1-3597F3604240}.Debug|Any CPU.Build.0 = Debug|Any CPU
		{5C723D5F-DB5C-409F-A1E1-3597F3604240}.Release|Any CPU.ActiveCfg = Release|Any CPU
		{5C723D5F-DB5C-409F-A1E1-3597F3604240}.Release|Any CPU.Build.0 = Release|Any CPU
		{132DD542-405D-49A3-A1D9-4BBFEA17479A}.Debug|Any CPU.ActiveCfg = Debug|Any CPU
		{132DD542-405D-49A3-A1D9-4BBFEA17479A}.Debug|Any CPU.Build.0 = Debug|Any CPU
		{132DD542-405D-49A3-A1D9-4BBFEA17479A}.Release|Any CPU.ActiveCfg = Release|Any CPU
		{132DD542-405D-49A3-A1D9-4BBFEA17479A}.Release|Any CPU.Build.0 = Release|Any CPU
		{41AA3E6E-4975-427E-BD66-002D89432958}.Debug|Any CPU.ActiveCfg = Debug|Any CPU
		{41AA3E6E-4975-427E-BD66-002D89432958}.Debug|Any CPU.Build.0 = Debug|Any CPU
		{41AA3E6E-4975-427E-BD66-002D89432958}.Release|Any CPU.ActiveCfg = Release|Any CPU
		{41AA3E6E-4975-427E-BD66-002D89432958}.Release|Any CPU.Build.0 = Release|Any CPU
	EndGlobalSection
	GlobalSection(NestedProjects) = preSolution
		{8677C96A-CBB6-4AA0-9389-F82A2EA230FC} = {3E5E5FE8-A71E-48E0-9371-AE98A0492232}
		{8A3AC482-E92B-4FD6-A74B-50A53283BC7B} = {5F55FBB2-B7AF-4148-83C8-20FDAAE4991A}
		{0E71948F-7848-48D5-8837-E42615A4CA99} = {1184A0AF-95D9-41C7-864E-01489B18E7C6}
		{5C723D5F-DB5C-409F-A1E1-3597F3604240} = {1184A0AF-95D9-41C7-864E-01489B18E7C6}
		{AEF3B5A7-70E0-437B-80CB-07645B07DE74} = {1184A0AF-95D9-41C7-864E-01489B18E7C6}
		{132DD542-405D-49A3-A1D9-4BBFEA17479A} = {5F55FBB2-B7AF-4148-83C8-20FDAAE4991A}
		{41AA3E6E-4975-427E-BD66-002D89432958} = {1184A0AF-95D9-41C7-864E-01489B18E7C6}
	EndGlobalSection
EndGlobal
