
Microsoft Visual Studio Solution File, Format Version 12.00
Project("{FAE04EC0-301F-11D3-BF4B-00C04F79EFBC}") = "WebApp", "WebApp\WebApp.csproj", "{AEF3B5A7-70E0-437B-80CB-07645B07DE74}"
EndProject
Project("{2150E333-8FDC-42A3-9474-1A3956D46DE8}") = "SolutionItems", "SolutionItems", "{25F5E527-AC5C-479C-9919-10D69242E2FE}"
	ProjectSection(SolutionItems) = preProject
		.gitignore = .gitignore
		Directory.Build.props = Directory.Build.props
		docker-compose.yml = docker-compose.yml
		.dockerignore = .dockerignore
		README.md = README.md
	EndProjectSection
EndProject
Project("{2150E333-8FDC-42A3-9474-1A3956D46DE8}") = "Base", "Base", "{5F55FBB2-B7AF-4148-83C8-20FDAAE4991A}"
EndProject
Project("{2150E333-8FDC-42A3-9474-1A3956D46DE8}") = "Base.Contracts", "Base.Contracts", "{3E5E5FE8-A71E-48E0-9371-AE98A0492232}"
EndProject
Project("{FAE04EC0-301F-11D3-BF4B-00C04F79EFBC}") = "Base.Contracts.Domain", "Base.Contracts.Domain\Base.Contracts.Domain.csproj", "{8677C96A-CBB6-4AA0-9389-F82A2EA230FC}"
EndProject
Project("{FAE04EC0-301F-11D3-BF4B-00C04F79EFBC}") = "Base.Domain", "Base.Domain\Base.Domain.csproj", "{8A3AC482-E92B-4FD6-A74B-50A53283BC7B}"
EndProject
Project("{2150E333-8FDC-42A3-9474-1A3956D46DE8}") = "App", "App", "{1184A0AF-95D9-41C7-864E-01489B18E7C6}"
EndProject
Project("{FAE04EC0-301F-11D3-BF4B-00C04F79EFBC}") = "App.Domain", "App.Domain\App.Domain.csproj", "{0E71948F-7848-48D5-8837-E42615A4CA99}"
EndProject
Project("{FAE04EC0-301F-11D3-BF4B-00C04F79EFBC}") = "App.DAL.EF", "App.DAL.EF\App.DAL.EF.csproj", "{5C723D5F-DB5C-409F-A1E1-3597F3604240}"
EndProject
Project("{FAE04EC0-301F-11D3-BF4B-00C04F79EFBC}") = "Base.Resources", "Base.Resources\Base.Resources.csproj", "{132DD542-405D-49A3-A1D9-4BBFEA17479A}"
EndProject
Project("{FAE04EC0-301F-11D3-BF4B-00C04F79EFBC}") = "App.Resources", "App.Resources\App.Resources.csproj", "{41AA3E6E-4975-427E-BD66-002D89432958}"
EndProject
Project("{FAE04EC0-301F-11D3-BF4B-00C04F79EFBC}") = "Base.Contracts.DAL", "Base.Contracts.DAL\Base.Contracts.DAL.csproj", "{EF596CD1-2760-4784-BA3A-AF8C260EF98F}"
EndProject
Project("{FAE04EC0-301F-11D3-BF4B-00C04F79EFBC}") = "Base.DAL.EF", "Base.DAL.EF\Base.DAL.EF.csproj", "{81AD8B34-F84A-4069-8CBE-D4428FF6252D}"
EndProject
Project("{FAE04EC0-301F-11D3-BF4B-00C04F79EFBC}") = "Base.Contracts.Base", "Base.Contracts.Base\Base.Contracts.Base.csproj", "{B0C1E9F3-1456-4F54-A4FD-781A4FE1B1D3}"
EndProject
Project("{FAE04EC0-301F-11D3-BF4B-00C04F79EFBC}") = "App.Contracts.DAL", "App.Contracts.DAL\App.Contracts.DAL.csproj", "{B43F067E-5E3C-421F-B628-042B54B2CE6F}"
EndProject
Project("{FAE04EC0-301F-11D3-BF4B-00C04F79EFBC}") = "App.DAL.DTO", "App.DAL.DTO\App.DAL.DTO.csproj", "{3685240D-74C5-42A4-A202-9D353B6F1C02}"
EndProject
Project("{FAE04EC0-301F-11D3-BF4B-00C04F79EFBC}") = "Base.Extensions", "Base.Extensions\Base.Extensions.csproj", "{915B3FA9-C763-4D96-AB74-1A3FC0E5C1CE}"
EndProject
Project("{FAE04EC0-301F-11D3-BF4B-00C04F79EFBC}") = "Base.DAL", "Base.DAL\Base.DAL.csproj", "{29D96A28-F54B-4CE1-A42B-E69E0C01420C}"
EndProject
Project("{FAE04EC0-301F-11D3-BF4B-00C04F79EFBC}") = "Base.Contracts.BLL", "Base.Contracts.BLL\Base.Contracts.BLL.csproj", "{2F0942D0-84D3-404C-B473-5E9B307A46DA}"
EndProject
Project("{FAE04EC0-301F-11D3-BF4B-00C04F79EFBC}") = "Base.BLL", "Base.BLL\Base.BLL.csproj", "{5A36C708-5B3B-4138-B6F2-0A11CEA22A37}"
EndProject
Project("{FAE04EC0-301F-11D3-BF4B-00C04F79EFBC}") = "App.BLL.DTO", "App.BLL.DTO\App.BLL.DTO.csproj", "{17748746-9FCC-467B-8AC4-79E8D776665D}"
EndProject
Project("{FAE04EC0-301F-11D3-BF4B-00C04F79EFBC}") = "App.BLL", "App.BLL\App.BLL.csproj", "{DE25B134-F1C5-459C-8436-5B3A28489AFD}"
EndProject
Project("{FAE04EC0-301F-11D3-BF4B-00C04F79EFBC}") = "App.Contracts.BLL", "App.Contracts.BLL\App.Contracts.BLL.csproj", "{D2AC98E9-F087-449C-9406-757DA9FE339D}"
EndProject
Project("{FAE04EC0-301F-11D3-BF4B-00C04F79EFBC}") = "App.Public.DTO", "App.Public.DTO\App.Public.DTO.csproj", "{D05258C1-8B46-4ABC-97C5-FAFE31B3FA7D}"
EndProject
Project("{FAE04EC0-301F-11D3-BF4B-00C04F79EFBC}") = "App.Public", "App.Public\App.Public.csproj", "{093C5279-7E9E-484E-AA04-BB7FC0A2AFDB}"
EndProject
Global
	GlobalSection(SolutionConfigurationPlatforms) = preSolution
		Debug|Any CPU = Debug|Any CPU
		Release|Any CPU = Release|Any CPU
	EndGlobalSection
	GlobalSection(ProjectConfigurationPlatforms) = postSolution
		{AEF3B5A7-70E0-437B-80CB-07645B07DE74}.Debug|Any CPU.ActiveCfg = Debug|Any CPU
		{AEF3B5A7-70E0-437B-80CB-07645B07DE74}.Debug|Any CPU.Build.0 = Debug|Any CPU
		{AEF3B5A7-70E0-437B-80CB-07645B07DE74}.Release|Any CPU.ActiveCfg = Release|Any CPU
		{AEF3B5A7-70E0-437B-80CB-07645B07DE74}.Release|Any CPU.Build.0 = Release|Any CPU
		{8677C96A-CBB6-4AA0-9389-F82A2EA230FC}.Debug|Any CPU.ActiveCfg = Debug|Any CPU
		{8677C96A-CBB6-4AA0-9389-F82A2EA230FC}.Debug|Any CPU.Build.0 = Debug|Any CPU
		{8677C96A-CBB6-4AA0-9389-F82A2EA230FC}.Release|Any CPU.ActiveCfg = Release|Any CPU
		{8677C96A-CBB6-4AA0-9389-F82A2EA230FC}.Release|Any CPU.Build.0 = Release|Any CPU
		{8A3AC482-E92B-4FD6-A74B-50A53283BC7B}.Debug|Any CPU.ActiveCfg = Debug|Any CPU
		{8A3AC482-E92B-4FD6-A74B-50A53283BC7B}.Debug|Any CPU.Build.0 = Debug|Any CPU
		{8A3AC482-E92B-4FD6-A74B-50A53283BC7B}.Release|Any CPU.ActiveCfg = Release|Any CPU
		{8A3AC482-E92B-4FD6-A74B-50A53283BC7B}.Release|Any CPU.Build.0 = Release|Any CPU
		{0E71948F-7848-48D5-8837-E42615A4CA99}.Debug|Any CPU.ActiveCfg = Debug|Any CPU
		{0E71948F-7848-48D5-8837-E42615A4CA99}.Debug|Any CPU.Build.0 = Debug|Any CPU
		{0E71948F-7848-48D5-8837-E42615A4CA99}.Release|Any CPU.ActiveCfg = Release|Any CPU
		{0E71948F-7848-48D5-8837-E42615A4CA99}.Release|Any CPU.Build.0 = Release|Any CPU
		{5C723D5F-DB5C-409F-A1E1-3597F3604240}.Debug|Any CPU.ActiveCfg = Debug|Any CPU
		{5C723D5F-DB5C-409F-A1E1-3597F3604240}.Debug|Any CPU.Build.0 = Debug|Any CPU
		{5C723D5F-DB5C-409F-A1E1-3597F3604240}.Release|Any CPU.ActiveCfg = Release|Any CPU
		{5C723D5F-DB5C-409F-A1E1-3597F3604240}.Release|Any CPU.Build.0 = Release|Any CPU
		{132DD542-405D-49A3-A1D9-4BBFEA17479A}.Debug|Any CPU.ActiveCfg = Debug|Any CPU
		{132DD542-405D-49A3-A1D9-4BBFEA17479A}.Debug|Any CPU.Build.0 = Debug|Any CPU
		{132DD542-405D-49A3-A1D9-4BBFEA17479A}.Release|Any CPU.ActiveCfg = Release|Any CPU
		{132DD542-405D-49A3-A1D9-4BBFEA17479A}.Release|Any CPU.Build.0 = Release|Any CPU
		{41AA3E6E-4975-427E-BD66-002D89432958}.Debug|Any CPU.ActiveCfg = Debug|Any CPU
		{41AA3E6E-4975-427E-BD66-002D89432958}.Debug|Any CPU.Build.0 = Debug|Any CPU
		{41AA3E6E-4975-427E-BD66-002D89432958}.Release|Any CPU.ActiveCfg = Release|Any CPU
		{41AA3E6E-4975-427E-BD66-002D89432958}.Release|Any CPU.Build.0 = Release|Any CPU
		{EF596CD1-2760-4784-BA3A-AF8C260EF98F}.Debug|Any CPU.ActiveCfg = Debug|Any CPU
		{EF596CD1-2760-4784-BA3A-AF8C260EF98F}.Debug|Any CPU.Build.0 = Debug|Any CPU
		{EF596CD1-2760-4784-BA3A-AF8C260EF98F}.Release|Any CPU.ActiveCfg = Release|Any CPU
		{EF596CD1-2760-4784-BA3A-AF8C260EF98F}.Release|Any CPU.Build.0 = Release|Any CPU
		{81AD8B34-F84A-4069-8CBE-D4428FF6252D}.Debug|Any CPU.ActiveCfg = Debug|Any CPU
		{81AD8B34-F84A-4069-8CBE-D4428FF6252D}.Debug|Any CPU.Build.0 = Debug|Any CPU
		{81AD8B34-F84A-4069-8CBE-D4428FF6252D}.Release|Any CPU.ActiveCfg = Release|Any CPU
		{81AD8B34-F84A-4069-8CBE-D4428FF6252D}.Release|Any CPU.Build.0 = Release|Any CPU
		{B0C1E9F3-1456-4F54-A4FD-781A4FE1B1D3}.Debug|Any CPU.ActiveCfg = Debug|Any CPU
		{B0C1E9F3-1456-4F54-A4FD-781A4FE1B1D3}.Debug|Any CPU.Build.0 = Debug|Any CPU
		{B0C1E9F3-1456-4F54-A4FD-781A4FE1B1D3}.Release|Any CPU.ActiveCfg = Release|Any CPU
		{B0C1E9F3-1456-4F54-A4FD-781A4FE1B1D3}.Release|Any CPU.Build.0 = Release|Any CPU
		{B43F067E-5E3C-421F-B628-042B54B2CE6F}.Debug|Any CPU.ActiveCfg = Debug|Any CPU
		{B43F067E-5E3C-421F-B628-042B54B2CE6F}.Debug|Any CPU.Build.0 = Debug|Any CPU
		{B43F067E-5E3C-421F-B628-042B54B2CE6F}.Release|Any CPU.ActiveCfg = Release|Any CPU
		{B43F067E-5E3C-421F-B628-042B54B2CE6F}.Release|Any CPU.Build.0 = Release|Any CPU
		{3685240D-74C5-42A4-A202-9D353B6F1C02}.Debug|Any CPU.ActiveCfg = Debug|Any CPU
		{3685240D-74C5-42A4-A202-9D353B6F1C02}.Debug|Any CPU.Build.0 = Debug|Any CPU
		{3685240D-74C5-42A4-A202-9D353B6F1C02}.Release|Any CPU.ActiveCfg = Release|Any CPU
		{3685240D-74C5-42A4-A202-9D353B6F1C02}.Release|Any CPU.Build.0 = Release|Any CPU
		{915B3FA9-C763-4D96-AB74-1A3FC0E5C1CE}.Debug|Any CPU.ActiveCfg = Debug|Any CPU
		{915B3FA9-C763-4D96-AB74-1A3FC0E5C1CE}.Debug|Any CPU.Build.0 = Debug|Any CPU
		{915B3FA9-C763-4D96-AB74-1A3FC0E5C1CE}.Release|Any CPU.ActiveCfg = Release|Any CPU
		{915B3FA9-C763-4D96-AB74-1A3FC0E5C1CE}.Release|Any CPU.Build.0 = Release|Any CPU
		{29D96A28-F54B-4CE1-A42B-E69E0C01420C}.Debug|Any CPU.ActiveCfg = Debug|Any CPU
		{29D96A28-F54B-4CE1-A42B-E69E0C01420C}.Debug|Any CPU.Build.0 = Debug|Any CPU
		{29D96A28-F54B-4CE1-A42B-E69E0C01420C}.Release|Any CPU.ActiveCfg = Release|Any CPU
		{29D96A28-F54B-4CE1-A42B-E69E0C01420C}.Release|Any CPU.Build.0 = Release|Any CPU
		{2F0942D0-84D3-404C-B473-5E9B307A46DA}.Debug|Any CPU.ActiveCfg = Debug|Any CPU
		{2F0942D0-84D3-404C-B473-5E9B307A46DA}.Debug|Any CPU.Build.0 = Debug|Any CPU
		{2F0942D0-84D3-404C-B473-5E9B307A46DA}.Release|Any CPU.ActiveCfg = Release|Any CPU
		{2F0942D0-84D3-404C-B473-5E9B307A46DA}.Release|Any CPU.Build.0 = Release|Any CPU
		{5A36C708-5B3B-4138-B6F2-0A11CEA22A37}.Debug|Any CPU.ActiveCfg = Debug|Any CPU
		{5A36C708-5B3B-4138-B6F2-0A11CEA22A37}.Debug|Any CPU.Build.0 = Debug|Any CPU
		{5A36C708-5B3B-4138-B6F2-0A11CEA22A37}.Release|Any CPU.ActiveCfg = Release|Any CPU
		{5A36C708-5B3B-4138-B6F2-0A11CEA22A37}.Release|Any CPU.Build.0 = Release|Any CPU
		{17748746-9FCC-467B-8AC4-79E8D776665D}.Debug|Any CPU.ActiveCfg = Debug|Any CPU
		{17748746-9FCC-467B-8AC4-79E8D776665D}.Debug|Any CPU.Build.0 = Debug|Any CPU
		{17748746-9FCC-467B-8AC4-79E8D776665D}.Release|Any CPU.ActiveCfg = Release|Any CPU
		{17748746-9FCC-467B-8AC4-79E8D776665D}.Release|Any CPU.Build.0 = Release|Any CPU
		{DE25B134-F1C5-459C-8436-5B3A28489AFD}.Debug|Any CPU.ActiveCfg = Debug|Any CPU
		{DE25B134-F1C5-459C-8436-5B3A28489AFD}.Debug|Any CPU.Build.0 = Debug|Any CPU
		{DE25B134-F1C5-459C-8436-5B3A28489AFD}.Release|Any CPU.ActiveCfg = Release|Any CPU
		{DE25B134-F1C5-459C-8436-5B3A28489AFD}.Release|Any CPU.Build.0 = Release|Any CPU
		{D2AC98E9-F087-449C-9406-757DA9FE339D}.Debug|Any CPU.ActiveCfg = Debug|Any CPU
		{D2AC98E9-F087-449C-9406-757DA9FE339D}.Debug|Any CPU.Build.0 = Debug|Any CPU
		{D2AC98E9-F087-449C-9406-757DA9FE339D}.Release|Any CPU.ActiveCfg = Release|Any CPU
		{D2AC98E9-F087-449C-9406-757DA9FE339D}.Release|Any CPU.Build.0 = Release|Any CPU
		{D05258C1-8B46-4ABC-97C5-FAFE31B3FA7D}.Debug|Any CPU.ActiveCfg = Debug|Any CPU
		{D05258C1-8B46-4ABC-97C5-FAFE31B3FA7D}.Debug|Any CPU.Build.0 = Debug|Any CPU
		{D05258C1-8B46-4ABC-97C5-FAFE31B3FA7D}.Release|Any CPU.ActiveCfg = Release|Any CPU
		{D05258C1-8B46-4ABC-97C5-FAFE31B3FA7D}.Release|Any CPU.Build.0 = Release|Any CPU
		{093C5279-7E9E-484E-AA04-BB7FC0A2AFDB}.Debug|Any CPU.ActiveCfg = Debug|Any CPU
		{093C5279-7E9E-484E-AA04-BB7FC0A2AFDB}.Debug|Any CPU.Build.0 = Debug|Any CPU
		{093C5279-7E9E-484E-AA04-BB7FC0A2AFDB}.Release|Any CPU.ActiveCfg = Release|Any CPU
		{093C5279-7E9E-484E-AA04-BB7FC0A2AFDB}.Release|Any CPU.Build.0 = Release|Any CPU
	EndGlobalSection
	GlobalSection(NestedProjects) = preSolution
		{8677C96A-CBB6-4AA0-9389-F82A2EA230FC} = {3E5E5FE8-A71E-48E0-9371-AE98A0492232}
		{8A3AC482-E92B-4FD6-A74B-50A53283BC7B} = {5F55FBB2-B7AF-4148-83C8-20FDAAE4991A}
		{0E71948F-7848-48D5-8837-E42615A4CA99} = {1184A0AF-95D9-41C7-864E-01489B18E7C6}
		{5C723D5F-DB5C-409F-A1E1-3597F3604240} = {1184A0AF-95D9-41C7-864E-01489B18E7C6}
		{AEF3B5A7-70E0-437B-80CB-07645B07DE74} = {1184A0AF-95D9-41C7-864E-01489B18E7C6}
		{132DD542-405D-49A3-A1D9-4BBFEA17479A} = {5F55FBB2-B7AF-4148-83C8-20FDAAE4991A}
		{41AA3E6E-4975-427E-BD66-002D89432958} = {1184A0AF-95D9-41C7-864E-01489B18E7C6}
		{EF596CD1-2760-4784-BA3A-AF8C260EF98F} = {3E5E5FE8-A71E-48E0-9371-AE98A0492232}
		{81AD8B34-F84A-4069-8CBE-D4428FF6252D} = {5F55FBB2-B7AF-4148-83C8-20FDAAE4991A}
		{B0C1E9F3-1456-4F54-A4FD-781A4FE1B1D3} = {3E5E5FE8-A71E-48E0-9371-AE98A0492232}
		{B43F067E-5E3C-421F-B628-042B54B2CE6F} = {1184A0AF-95D9-41C7-864E-01489B18E7C6}
		{3685240D-74C5-42A4-A202-9D353B6F1C02} = {1184A0AF-95D9-41C7-864E-01489B18E7C6}
		{915B3FA9-C763-4D96-AB74-1A3FC0E5C1CE} = {5F55FBB2-B7AF-4148-83C8-20FDAAE4991A}
		{29D96A28-F54B-4CE1-A42B-E69E0C01420C} = {5F55FBB2-B7AF-4148-83C8-20FDAAE4991A}
		{2F0942D0-84D3-404C-B473-5E9B307A46DA} = {3E5E5FE8-A71E-48E0-9371-AE98A0492232}
		{5A36C708-5B3B-4138-B6F2-0A11CEA22A37} = {5F55FBB2-B7AF-4148-83C8-20FDAAE4991A}
		{17748746-9FCC-467B-8AC4-79E8D776665D} = {1184A0AF-95D9-41C7-864E-01489B18E7C6}
		{DE25B134-F1C5-459C-8436-5B3A28489AFD} = {1184A0AF-95D9-41C7-864E-01489B18E7C6}
		{D2AC98E9-F087-449C-9406-757DA9FE339D} = {1184A0AF-95D9-41C7-864E-01489B18E7C6}
		{D05258C1-8B46-4ABC-97C5-FAFE31B3FA7D} = {1184A0AF-95D9-41C7-864E-01489B18E7C6}
		{093C5279-7E9E-484E-AA04-BB7FC0A2AFDB} = {1184A0AF-95D9-41C7-864E-01489B18E7C6}
	EndGlobalSection
EndGlobal
